
Microsoft Visual Studio Solution File, Format Version 12.00
# Visual Studio 15
VisualStudioVersion = 15.0.27130.2027
MinimumVisualStudioVersion = 10.0.40219.1
Project("{2150E333-8FDC-42A3-9474-1A3956D46DE8}") = "src", "src", "{76236DA2-0225-4CA2-A2C8-46C665DE6D71}"
EndProject
Project("{2150E333-8FDC-42A3-9474-1A3956D46DE8}") = "test", "test", "{9B5D9D87-31E2-47BF-A9EC-B9958AE2EB2A}"
EndProject
Project("{2150E333-8FDC-42A3-9474-1A3956D46DE8}") = "samples", "samples", "{7E27D3E5-DD84-40B0-BC5E-70E46C92E5CF}"
EndProject
Project("{9A19103F-16F7-4668-BE54-9A1E7A4F7556}") = "PartialResponse", "src\PartialResponse\PartialResponse.csproj", "{2424F14B-F883-4187-9657-228DC3D4EEC1}"
EndProject
Project("{9A19103F-16F7-4668-BE54-9A1E7A4F7556}") = "PartialResponse.Tests", "test\PartialResponse.Tests\PartialResponse.Tests.csproj", "{6EF4E789-BD67-47ED-AD07-8921A6C7AAD4}"
EndProject
Project("{9A19103F-16F7-4668-BE54-9A1E7A4F7556}") = "PartialResponse.Samples", "samples\PartialResponse.Samples\PartialResponse.Samples.csproj", "{64AFFB63-CD64-4D2A-8BC6-AC6BF248723C}"
EndProject
Global
	GlobalSection(SolutionConfigurationPlatforms) = preSolution
		Debug|Any CPU = Debug|Any CPU
		Release|Any CPU = Release|Any CPU
	EndGlobalSection
	GlobalSection(ProjectConfigurationPlatforms) = postSolution
		{2424F14B-F883-4187-9657-228DC3D4EEC1}.Debug|Any CPU.ActiveCfg = Debug|Any CPU
		{2424F14B-F883-4187-9657-228DC3D4EEC1}.Debug|Any CPU.Build.0 = Debug|Any CPU
		{2424F14B-F883-4187-9657-228DC3D4EEC1}.Release|Any CPU.ActiveCfg = Release|Any CPU
		{2424F14B-F883-4187-9657-228DC3D4EEC1}.Release|Any CPU.Build.0 = Release|Any CPU
		{6EF4E789-BD67-47ED-AD07-8921A6C7AAD4}.Debug|Any CPU.ActiveCfg = Debug|Any CPU
		{6EF4E789-BD67-47ED-AD07-8921A6C7AAD4}.Debug|Any CPU.Build.0 = Debug|Any CPU
		{6EF4E789-BD67-47ED-AD07-8921A6C7AAD4}.Release|Any CPU.ActiveCfg = Release|Any CPU
		{6EF4E789-BD67-47ED-AD07-8921A6C7AAD4}.Release|Any CPU.Build.0 = Release|Any CPU
		{64AFFB63-CD64-4D2A-8BC6-AC6BF248723C}.Debug|Any CPU.ActiveCfg = Debug|Any CPU
		{64AFFB63-CD64-4D2A-8BC6-AC6BF248723C}.Debug|Any CPU.Build.0 = Debug|Any CPU
		{64AFFB63-CD64-4D2A-8BC6-AC6BF248723C}.Release|Any CPU.ActiveCfg = Release|Any CPU
		{64AFFB63-CD64-4D2A-8BC6-AC6BF248723C}.Release|Any CPU.Build.0 = Release|Any CPU
	EndGlobalSection
	GlobalSection(SolutionProperties) = preSolution
		HideSolutionNode = FALSE
	EndGlobalSection
	GlobalSection(NestedProjects) = preSolution
		{2424F14B-F883-4187-9657-228DC3D4EEC1} = {76236DA2-0225-4CA2-A2C8-46C665DE6D71}
		{6EF4E789-BD67-47ED-AD07-8921A6C7AAD4} = {9B5D9D87-31E2-47BF-A9EC-B9958AE2EB2A}
		{64AFFB63-CD64-4D2A-8BC6-AC6BF248723C} = {7E27D3E5-DD84-40B0-BC5E-70E46C92E5CF}
	EndGlobalSection
	GlobalSection(ExtensibilityGlobals) = postSolution
		SolutionGuid = {BB850AA8-A179-4E90-A781-C52F8E252787}
	EndGlobalSection
EndGlobal
