
Microsoft Visual Studio Solution File, Format Version 12.00
# Visual Studio 2012
Project("{FAE04EC0-301F-11D3-BF4B-00C04F79EFBC}") = "PartialResponse", "src\PartialResponse\PartialResponse.csproj", "{6E7022FB-903F-4B66-A245-012771CE3DE0}"
EndProject
Project("{FAE04EC0-301F-11D3-BF4B-00C04F79EFBC}") = "PartialResponse.Test", "test\PartialResponse.Test\PartialResponse.Test.csproj", "{D6B1FD54-03CA-401B-8D7A-85656B2FA6C7}"
EndProject
Global
	GlobalSection(SolutionConfigurationPlatforms) = preSolution
		Debug|Any CPU = Debug|Any CPU
		Release|Any CPU = Release|Any CPU
	EndGlobalSection
	GlobalSection(ProjectConfigurationPlatforms) = postSolution
		{6E7022FB-903F-4B66-A245-012771CE3DE0}.Debug|Any CPU.ActiveCfg = Debug|Any CPU
		{6E7022FB-903F-4B66-A245-012771CE3DE0}.Debug|Any CPU.Build.0 = Debug|Any CPU
		{6E7022FB-903F-4B66-A245-012771CE3DE0}.Release|Any CPU.ActiveCfg = Release|Any CPU
		{6E7022FB-903F-4B66-A245-012771CE3DE0}.Release|Any CPU.Build.0 = Release|Any CPU
		{D6B1FD54-03CA-401B-8D7A-85656B2FA6C7}.Debug|Any CPU.ActiveCfg = Debug|Any CPU
		{D6B1FD54-03CA-401B-8D7A-85656B2FA6C7}.Debug|Any CPU.Build.0 = Debug|Any CPU
		{D6B1FD54-03CA-401B-8D7A-85656B2FA6C7}.Release|Any CPU.ActiveCfg = Release|Any CPU
		{D6B1FD54-03CA-401B-8D7A-85656B2FA6C7}.Release|Any CPU.Build.0 = Release|Any CPU
	EndGlobalSection
	GlobalSection(SolutionProperties) = preSolution
		HideSolutionNode = FALSE
	EndGlobalSection
EndGlobal
