
Microsoft Visual Studio Solution File, Format Version 12.00
# Visual Studio 2012
Project("{FAE04EC0-301F-11D3-BF4B-00C04F79EFBC}") = "PartialResponse.Demo", "PartialResponse.Demo\PartialResponse.Demo.csproj", "{E463A520-E4DF-4E67-BB4A-EDDC1288284B}"
EndProject
Project("{FAE04EC0-301F-11D3-BF4B-00C04F79EFBC}") = "PartialResponse", "..\..\src\PartialResponse\PartialResponse.csproj", "{6E7022FB-903F-4B66-A245-012771CE3DE0}"
EndProject
Global
	GlobalSection(SolutionConfigurationPlatforms) = preSolution
		Debug|Any CPU = Debug|Any CPU
		Release|Any CPU = Release|Any CPU
	EndGlobalSection
	GlobalSection(ProjectConfigurationPlatforms) = postSolution
		{E463A520-E4DF-4E67-BB4A-EDDC1288284B}.Debug|Any CPU.ActiveCfg = Debug|Any CPU
		{E463A520-E4DF-4E67-BB4A-EDDC1288284B}.Debug|Any CPU.Build.0 = Debug|Any CPU
		{E463A520-E4DF-4E67-BB4A-EDDC1288284B}.Release|Any CPU.ActiveCfg = Release|Any CPU
		{E463A520-E4DF-4E67-BB4A-EDDC1288284B}.Release|Any CPU.Build.0 = Release|Any CPU
		{6E7022FB-903F-4B66-A245-012771CE3DE0}.Debug|Any CPU.ActiveCfg = Debug|Any CPU
		{6E7022FB-903F-4B66-A245-012771CE3DE0}.Debug|Any CPU.Build.0 = Debug|Any CPU
		{6E7022FB-903F-4B66-A245-012771CE3DE0}.Release|Any CPU.ActiveCfg = Release|Any CPU
		{6E7022FB-903F-4B66-A245-012771CE3DE0}.Release|Any CPU.Build.0 = Release|Any CPU
	EndGlobalSection
	GlobalSection(SolutionProperties) = preSolution
		HideSolutionNode = FALSE
	EndGlobalSection
EndGlobal
